// !$*UTF8*$!
{
	archiveVersion = 1;
	classes = {
	};
	objectVersion = 50;
	objects = {

/* Begin PBXBuildFile section */
		7E0BA37D21E584810067D792 /* AppDelegate.swift in Sources */ = {isa = PBXBuildFile; fileRef = 7E0BA37C21E584810067D792 /* AppDelegate.swift */; };
		7E0BA37F21E584810067D792 /* YSHomeController.swift in Sources */ = {isa = PBXBuildFile; fileRef = 7E0BA37E21E584810067D792 /* YSHomeController.swift */; };
		7E0BA38221E584810067D792 /* Main.storyboard in Resources */ = {isa = PBXBuildFile; fileRef = 7E0BA38021E584810067D792 /* Main.storyboard */; };
		7E0BA38421E584840067D792 /* Assets.xcassets in Resources */ = {isa = PBXBuildFile; fileRef = 7E0BA38321E584840067D792 /* Assets.xcassets */; };
		7E0BA38721E584840067D792 /* LaunchScreen.storyboard in Resources */ = {isa = PBXBuildFile; fileRef = 7E0BA38521E584840067D792 /* LaunchScreen.storyboard */; };
		7E0BA39021E58D700067D792 /* Extensions+UIView.swift in Sources */ = {isa = PBXBuildFile; fileRef = 7E0BA38F21E58D700067D792 /* Extensions+UIView.swift */; };
		7E0BA39321E597C40067D792 /* YSBottomControlsStackView.swift in Sources */ = {isa = PBXBuildFile; fileRef = 7E0BA39221E597C40067D792 /* YSBottomControlsStackView.swift */; };
		7E0BA39521E59BDF0067D792 /* YSTopNavigationStackView.swift in Sources */ = {isa = PBXBuildFile; fileRef = 7E0BA39421E59BDF0067D792 /* YSTopNavigationStackView.swift */; };
		7E0BA39821E5A5200067D792 /* YSCardView.swift in Sources */ = {isa = PBXBuildFile; fileRef = 7E0BA39721E5A5200067D792 /* YSCardView.swift */; };
		7E0BA39B21E5DADF0067D792 /* YSUser.swift in Sources */ = {isa = PBXBuildFile; fileRef = 7E0BA39A21E5DADF0067D792 /* YSUser.swift */; };
		7E0BA39E21E5E6370067D792 /* YSCardViewModel.swift in Sources */ = {isa = PBXBuildFile; fileRef = 7E0BA39D21E5E6370067D792 /* YSCardViewModel.swift */; };
		7E0BA3A021E5F80C0067D792 /* YSAdvertiser.swift in Sources */ = {isa = PBXBuildFile; fileRef = 7E0BA39F21E5F80C0067D792 /* YSAdvertiser.swift */; };
		7E28046021E82DA70025F6DC /* YSRegisterationController.swift in Sources */ = {isa = PBXBuildFile; fileRef = 7E28045F21E82DA70025F6DC /* YSRegisterationController.swift */; };
		7E28046221E837B90025F6DC /* YSCustomTextField.swift in Sources */ = {isa = PBXBuildFile; fileRef = 7E28046121E837B90025F6DC /* YSCustomTextField.swift */; };
/* End PBXBuildFile section */

/* Begin PBXFileReference section */
		7E0BA37921E584810067D792 /* YSTinder.app */ = {isa = PBXFileReference; explicitFileType = wrapper.application; includeInIndex = 0; path = YSTinder.app; sourceTree = BUILT_PRODUCTS_DIR; };
		7E0BA37C21E584810067D792 /* AppDelegate.swift */ = {isa = PBXFileReference; lastKnownFileType = sourcecode.swift; path = AppDelegate.swift; sourceTree = "<group>"; };
		7E0BA37E21E584810067D792 /* YSHomeController.swift */ = {isa = PBXFileReference; lastKnownFileType = sourcecode.swift; path = YSHomeController.swift; sourceTree = "<group>"; };
		7E0BA38121E584810067D792 /* Base */ = {isa = PBXFileReference; lastKnownFileType = file.storyboard; name = Base; path = Base.lproj/Main.storyboard; sourceTree = "<group>"; };
		7E0BA38321E584840067D792 /* Assets.xcassets */ = {isa = PBXFileReference; lastKnownFileType = folder.assetcatalog; path = Assets.xcassets; sourceTree = "<group>"; };
		7E0BA38621E584840067D792 /* Base */ = {isa = PBXFileReference; lastKnownFileType = file.storyboard; name = Base; path = Base.lproj/LaunchScreen.storyboard; sourceTree = "<group>"; };
		7E0BA38821E584840067D792 /* Info.plist */ = {isa = PBXFileReference; lastKnownFileType = text.plist.xml; path = Info.plist; sourceTree = "<group>"; };
		7E0BA38F21E58D700067D792 /* Extensions+UIView.swift */ = {isa = PBXFileReference; fileEncoding = 4; lastKnownFileType = sourcecode.swift; path = "Extensions+UIView.swift"; sourceTree = "<group>"; };
		7E0BA39221E597C40067D792 /* YSBottomControlsStackView.swift */ = {isa = PBXFileReference; lastKnownFileType = sourcecode.swift; path = YSBottomControlsStackView.swift; sourceTree = "<group>"; };
		7E0BA39421E59BDF0067D792 /* YSTopNavigationStackView.swift */ = {isa = PBXFileReference; lastKnownFileType = sourcecode.swift; path = YSTopNavigationStackView.swift; sourceTree = "<group>"; };
		7E0BA39721E5A5200067D792 /* YSCardView.swift */ = {isa = PBXFileReference; lastKnownFileType = sourcecode.swift; path = YSCardView.swift; sourceTree = "<group>"; };
		7E0BA39A21E5DADF0067D792 /* YSUser.swift */ = {isa = PBXFileReference; lastKnownFileType = sourcecode.swift; path = YSUser.swift; sourceTree = "<group>"; };
		7E0BA39D21E5E6370067D792 /* YSCardViewModel.swift */ = {isa = PBXFileReference; lastKnownFileType = sourcecode.swift; path = YSCardViewModel.swift; sourceTree = "<group>"; };
		7E0BA39F21E5F80C0067D792 /* YSAdvertiser.swift */ = {isa = PBXFileReference; lastKnownFileType = sourcecode.swift; path = YSAdvertiser.swift; sourceTree = "<group>"; };
		7E28045F21E82DA70025F6DC /* YSRegisterationController.swift */ = {isa = PBXFileReference; lastKnownFileType = sourcecode.swift; path = YSRegisterationController.swift; sourceTree = "<group>"; };
		7E28046121E837B90025F6DC /* YSCustomTextField.swift */ = {isa = PBXFileReference; lastKnownFileType = sourcecode.swift; path = YSCustomTextField.swift; sourceTree = "<group>"; };
/* End PBXFileReference section */

/* Begin PBXFrameworksBuildPhase section */
		7E0BA37621E584810067D792 /* Frameworks */ = {
			isa = PBXFrameworksBuildPhase;
			buildActionMask = 2147483647;
			files = (
			);
			runOnlyForDeploymentPostprocessing = 0;
		};
/* End PBXFrameworksBuildPhase section */

/* Begin PBXGroup section */
		7E0BA37021E584810067D792 = {
			isa = PBXGroup;
			children = (
				7E0BA37B21E584810067D792 /* YSTinder */,
				7E0BA37A21E584810067D792 /* Products */,
			);
			sourceTree = "<group>";
		};
		7E0BA37A21E584810067D792 /* Products */ = {
			isa = PBXGroup;
			children = (
				7E0BA37921E584810067D792 /* YSTinder.app */,
			);
			name = Products;
			sourceTree = "<group>";
		};
		7E0BA37B21E584810067D792 /* YSTinder */ = {
			isa = PBXGroup;
			children = (
				7E28045E21E82CE10025F6DC /* Register & Login */,
				7E0BA39921E5DAD20067D792 /* Model */,
				7E0BA39621E59C270067D792 /* Home */,
				7E0BA38E21E58D330067D792 /* Extensions */,
				7E0BA37C21E584810067D792 /* AppDelegate.swift */,
				7E0BA38021E584810067D792 /* Main.storyboard */,
				7E0BA38321E584840067D792 /* Assets.xcassets */,
				7E0BA38521E584840067D792 /* LaunchScreen.storyboard */,
				7E0BA38821E584840067D792 /* Info.plist */,
			);
			path = YSTinder;
			sourceTree = "<group>";
		};
		7E0BA38E21E58D330067D792 /* Extensions */ = {
			isa = PBXGroup;
			children = (
				7E0BA38F21E58D700067D792 /* Extensions+UIView.swift */,
				7E28046121E837B90025F6DC /* YSCustomTextField.swift */,
			);
			path = Extensions;
			sourceTree = "<group>";
		};
		7E0BA39121E5979C0067D792 /* Views */ = {
			isa = PBXGroup;
			children = (
				7E0BA39221E597C40067D792 /* YSBottomControlsStackView.swift */,
				7E0BA39421E59BDF0067D792 /* YSTopNavigationStackView.swift */,
				7E0BA39721E5A5200067D792 /* YSCardView.swift */,
			);
			path = Views;
			sourceTree = "<group>";
		};
		7E0BA39621E59C270067D792 /* Home */ = {
			isa = PBXGroup;
			children = (
				7E0BA39D21E5E6370067D792 /* YSCardViewModel.swift */,
				7E0BA37E21E584810067D792 /* YSHomeController.swift */,
				7E0BA39121E5979C0067D792 /* Views */,
			);
			path = Home;
			sourceTree = "<group>";
		};
		7E0BA39921E5DAD20067D792 /* Model */ = {
			isa = PBXGroup;
			children = (
				7E0BA39A21E5DADF0067D792 /* YSUser.swift */,
				7E0BA39F21E5F80C0067D792 /* YSAdvertiser.swift */,
			);
			path = Model;
			sourceTree = "<group>";
		};
		7E28045E21E82CE10025F6DC /* Register & Login */ = {
			isa = PBXGroup;
			children = (
				7E28045F21E82DA70025F6DC /* YSRegisterationController.swift */,
			);
			path = "Register & Login";
			sourceTree = "<group>";
		};
/* End PBXGroup section */

/* Begin PBXNativeTarget section */
		7E0BA37821E584810067D792 /* YSTinder */ = {
			isa = PBXNativeTarget;
			buildConfigurationList = 7E0BA38B21E584840067D792 /* Build configuration list for PBXNativeTarget "YSTinder" */;
			buildPhases = (
				7E0BA37521E584810067D792 /* Sources */,
				7E0BA37621E584810067D792 /* Frameworks */,
				7E0BA37721E584810067D792 /* Resources */,
			);
			buildRules = (
			);
			dependencies = (
			);
			name = YSTinder;
			productName = YSTinder;
			productReference = 7E0BA37921E584810067D792 /* YSTinder.app */;
			productType = "com.apple.product-type.application";
		};
/* End PBXNativeTarget section */

/* Begin PBXProject section */
		7E0BA37121E584810067D792 /* Project object */ = {
			isa = PBXProject;
			attributes = {
				CLASSPREFIX = YS;
				LastSwiftUpdateCheck = 1010;
				LastUpgradeCheck = 1010;
				ORGANIZATIONNAME = liurenrui;
				TargetAttributes = {
					7E0BA37821E584810067D792 = {
						CreatedOnToolsVersion = 10.1;
					};
				};
			};
			buildConfigurationList = 7E0BA37421E584810067D792 /* Build configuration list for PBXProject "YSTinder" */;
			compatibilityVersion = "Xcode 9.3";
			developmentRegion = en;
			hasScannedForEncodings = 0;
			knownRegions = (
				en,
				Base,
			);
			mainGroup = 7E0BA37021E584810067D792;
			productRefGroup = 7E0BA37A21E584810067D792 /* Products */;
			projectDirPath = "";
			projectRoot = "";
			targets = (
				7E0BA37821E584810067D792 /* YSTinder */,
			);
		};
/* End PBXProject section */

/* Begin PBXResourcesBuildPhase section */
		7E0BA37721E584810067D792 /* Resources */ = {
			isa = PBXResourcesBuildPhase;
			buildActionMask = 2147483647;
			files = (
				7E0BA38721E584840067D792 /* LaunchScreen.storyboard in Resources */,
				7E0BA38421E584840067D792 /* Assets.xcassets in Resources */,
				7E0BA38221E584810067D792 /* Main.storyboard in Resources */,
			);
			runOnlyForDeploymentPostprocessing = 0;
		};
/* End PBXResourcesBuildPhase section */

/* Begin PBXSourcesBuildPhase section */
		7E0BA37521E584810067D792 /* Sources */ = {
			isa = PBXSourcesBuildPhase;
			buildActionMask = 2147483647;
			files = (
				7E0BA37F21E584810067D792 /* YSHomeController.swift in Sources */,
				7E0BA39321E597C40067D792 /* YSBottomControlsStackView.swift in Sources */,
				7E0BA3A021E5F80C0067D792 /* YSAdvertiser.swift in Sources */,
				7E28046221E837B90025F6DC /* YSCustomTextField.swift in Sources */,
				7E0BA37D21E584810067D792 /* AppDelegate.swift in Sources */,
				7E28046021E82DA70025F6DC /* YSRegisterationController.swift in Sources */,
				7E0BA39021E58D700067D792 /* Extensions+UIView.swift in Sources */,
				7E0BA39E21E5E6370067D792 /* YSCardViewModel.swift in Sources */,
				7E0BA39821E5A5200067D792 /* YSCardView.swift in Sources */,
				7E0BA39521E59BDF0067D792 /* YSTopNavigationStackView.swift in Sources */,
				7E0BA39B21E5DADF0067D792 /* YSUser.swift in Sources */,
			);
			runOnlyForDeploymentPostprocessing = 0;
		};
/* End PBXSourcesBuildPhase section */

/* Begin PBXVariantGroup section */
		7E0BA38021E584810067D792 /* Main.storyboard */ = {
			isa = PBXVariantGroup;
			children = (
				7E0BA38121E584810067D792 /* Base */,
			);
			name = Main.storyboard;
			sourceTree = "<group>";
		};
		7E0BA38521E584840067D792 /* LaunchScreen.storyboard */ = {
			isa = PBXVariantGroup;
			children = (
				7E0BA38621E584840067D792 /* Base */,
			);
			name = LaunchScreen.storyboard;
			sourceTree = "<group>";
		};
/* End PBXVariantGroup section */

/* Begin XCBuildConfiguration section */
		7E0BA38921E584840067D792 /* Debug */ = {
			isa = XCBuildConfiguration;
			buildSettings = {
				ALWAYS_SEARCH_USER_PATHS = NO;
				CLANG_ANALYZER_NONNULL = YES;
				CLANG_ANALYZER_NUMBER_OBJECT_CONVERSION = YES_AGGRESSIVE;
				CLANG_CXX_LANGUAGE_STANDARD = "gnu++14";
				CLANG_CXX_LIBRARY = "libc++";
				CLANG_ENABLE_MODULES = YES;
				CLANG_ENABLE_OBJC_ARC = YES;
				CLANG_ENABLE_OBJC_WEAK = YES;
				CLANG_WARN_BLOCK_CAPTURE_AUTORELEASING = YES;
				CLANG_WARN_BOOL_CONVERSION = YES;
				CLANG_WARN_COMMA = YES;
				CLANG_WARN_CONSTANT_CONVERSION = YES;
				CLANG_WARN_DEPRECATED_OBJC_IMPLEMENTATIONS = YES;
				CLANG_WARN_DIRECT_OBJC_ISA_USAGE = YES_ERROR;
				CLANG_WARN_DOCUMENTATION_COMMENTS = YES;
				CLANG_WARN_EMPTY_BODY = YES;
				CLANG_WARN_ENUM_CONVERSION = YES;
				CLANG_WARN_INFINITE_RECURSION = YES;
				CLANG_WARN_INT_CONVERSION = YES;
				CLANG_WARN_NON_LITERAL_NULL_CONVERSION = YES;
				CLANG_WARN_OBJC_IMPLICIT_RETAIN_SELF = YES;
				CLANG_WARN_OBJC_LITERAL_CONVERSION = YES;
				CLANG_WARN_OBJC_ROOT_CLASS = YES_ERROR;
				CLANG_WARN_RANGE_LOOP_ANALYSIS = YES;
				CLANG_WARN_STRICT_PROTOTYPES = YES;
				CLANG_WARN_SUSPICIOUS_MOVE = YES;
				CLANG_WARN_UNGUARDED_AVAILABILITY = YES_AGGRESSIVE;
				CLANG_WARN_UNREACHABLE_CODE = YES;
				CLANG_WARN__DUPLICATE_METHOD_MATCH = YES;
				CODE_SIGN_IDENTITY = "iPhone Developer";
				COPY_PHASE_STRIP = NO;
				DEBUG_INFORMATION_FORMAT = dwarf;
				ENABLE_STRICT_OBJC_MSGSEND = YES;
				ENABLE_TESTABILITY = YES;
				GCC_C_LANGUAGE_STANDARD = gnu11;
				GCC_DYNAMIC_NO_PIC = NO;
				GCC_NO_COMMON_BLOCKS = YES;
				GCC_OPTIMIZATION_LEVEL = 0;
				GCC_PREPROCESSOR_DEFINITIONS = (
					"DEBUG=1",
					"$(inherited)",
				);
				GCC_WARN_64_TO_32_BIT_CONVERSION = YES;
				GCC_WARN_ABOUT_RETURN_TYPE = YES_ERROR;
				GCC_WARN_UNDECLARED_SELECTOR = YES;
				GCC_WARN_UNINITIALIZED_AUTOS = YES_AGGRESSIVE;
				GCC_WARN_UNUSED_FUNCTION = YES;
				GCC_WARN_UNUSED_VARIABLE = YES;
				IPHONEOS_DEPLOYMENT_TARGET = 12.1;
				MTL_ENABLE_DEBUG_INFO = INCLUDE_SOURCE;
				MTL_FAST_MATH = YES;
				ONLY_ACTIVE_ARCH = YES;
				SDKROOT = iphoneos;
				SWIFT_ACTIVE_COMPILATION_CONDITIONS = DEBUG;
				SWIFT_OPTIMIZATION_LEVEL = "-Onone";
			};
			name = Debug;
		};
		7E0BA38A21E584840067D792 /* Release */ = {
			isa = XCBuildConfiguration;
			buildSettings = {
				ALWAYS_SEARCH_USER_PATHS = NO;
				CLANG_ANALYZER_NONNULL = YES;
				CLANG_ANALYZER_NUMBER_OBJECT_CONVERSION = YES_AGGRESSIVE;
				CLANG_CXX_LANGUAGE_STANDARD = "gnu++14";
				CLANG_CXX_LIBRARY = "libc++";
				CLANG_ENABLE_MODULES = YES;
				CLANG_ENABLE_OBJC_ARC = YES;
				CLANG_ENABLE_OBJC_WEAK = YES;
				CLANG_WARN_BLOCK_CAPTURE_AUTORELEASING = YES;
				CLANG_WARN_BOOL_CONVERSION = YES;
				CLANG_WARN_COMMA = YES;
				CLANG_WARN_CONSTANT_CONVERSION = YES;
				CLANG_WARN_DEPRECATED_OBJC_IMPLEMENTATIONS = YES;
				CLANG_WARN_DIRECT_OBJC_ISA_USAGE = YES_ERROR;
				CLANG_WARN_DOCUMENTATION_COMMENTS = YES;
				CLANG_WARN_EMPTY_BODY = YES;
				CLANG_WARN_ENUM_CONVERSION = YES;
				CLANG_WARN_INFINITE_RECURSION = YES;
				CLANG_WARN_INT_CONVERSION = YES;
				CLANG_WARN_NON_LITERAL_NULL_CONVERSION = YES;
				CLANG_WARN_OBJC_IMPLICIT_RETAIN_SELF = YES;
				CLANG_WARN_OBJC_LITERAL_CONVERSION = YES;
				CLANG_WARN_OBJC_ROOT_CLASS = YES_ERROR;
				CLANG_WARN_RANGE_LOOP_ANALYSIS = YES;
				CLANG_WARN_STRICT_PROTOTYPES = YES;
				CLANG_WARN_SUSPICIOUS_MOVE = YES;
				CLANG_WARN_UNGUARDED_AVAILABILITY = YES_AGGRESSIVE;
				CLANG_WARN_UNREACHABLE_CODE = YES;
				CLANG_WARN__DUPLICATE_METHOD_MATCH = YES;
				CODE_SIGN_IDENTITY = "iPhone Developer";
				COPY_PHASE_STRIP = NO;
				DEBUG_INFORMATION_FORMAT = "dwarf-with-dsym";
				ENABLE_NS_ASSERTIONS = NO;
				ENABLE_STRICT_OBJC_MSGSEND = YES;
				GCC_C_LANGUAGE_STANDARD = gnu11;
				GCC_NO_COMMON_BLOCKS = YES;
				GCC_WARN_64_TO_32_BIT_CONVERSION = YES;
				GCC_WARN_ABOUT_RETURN_TYPE = YES_ERROR;
				GCC_WARN_UNDECLARED_SELECTOR = YES;
				GCC_WARN_UNINITIALIZED_AUTOS = YES_AGGRESSIVE;
				GCC_WARN_UNUSED_FUNCTION = YES;
				GCC_WARN_UNUSED_VARIABLE = YES;
				IPHONEOS_DEPLOYMENT_TARGET = 12.1;
				MTL_ENABLE_DEBUG_INFO = NO;
				MTL_FAST_MATH = YES;
				SDKROOT = iphoneos;
				SWIFT_COMPILATION_MODE = wholemodule;
				SWIFT_OPTIMIZATION_LEVEL = "-O";
				VALIDATE_PRODUCT = YES;
			};
			name = Release;
		};
		7E0BA38C21E584840067D792 /* Debug */ = {
			isa = XCBuildConfiguration;
			buildSettings = {
				ASSETCATALOG_COMPILER_APPICON_NAME = AppIcon;
				CODE_SIGN_STYLE = Automatic;
				DEVELOPMENT_TEAM = BD4MBSH943;
				INFOPLIST_FILE = YSTinder/Info.plist;
				IPHONEOS_DEPLOYMENT_TARGET = 12.0;
				LD_RUNPATH_SEARCH_PATHS = (
					"$(inherited)",
					"@executable_path/Frameworks",
				);
				PRODUCT_BUNDLE_IDENTIFIER = liurenrui.YSTinder;
				PRODUCT_NAME = "$(TARGET_NAME)";
				SWIFT_VERSION = 4.2;
				TARGETED_DEVICE_FAMILY = 1;
			};
			name = Debug;
		};
		7E0BA38D21E584840067D792 /* Release */ = {
			isa = XCBuildConfiguration;
			buildSettings = {
				ASSETCATALOG_COMPILER_APPICON_NAME = AppIcon;
				CODE_SIGN_STYLE = Automatic;
				DEVELOPMENT_TEAM = BD4MBSH943;
				INFOPLIST_FILE = YSTinder/Info.plist;
				IPHONEOS_DEPLOYMENT_TARGET = 12.0;
				LD_RUNPATH_SEARCH_PATHS = (
					"$(inherited)",
					"@executable_path/Frameworks",
				);
				PRODUCT_BUNDLE_IDENTIFIER = liurenrui.YSTinder;
				PRODUCT_NAME = "$(TARGET_NAME)";
				SWIFT_VERSION = 4.2;
				TARGETED_DEVICE_FAMILY = 1;
			};
			name = Release;
		};
/* End XCBuildConfiguration section */

/* Begin XCConfigurationList section */
		7E0BA37421E584810067D792 /* Build configuration list for PBXProject "YSTinder" */ = {
			isa = XCConfigurationList;
			buildConfigurations = (
				7E0BA38921E584840067D792 /* Debug */,
				7E0BA38A21E584840067D792 /* Release */,
			);
			defaultConfigurationIsVisible = 0;
			defaultConfigurationName = Release;
		};
		7E0BA38B21E584840067D792 /* Build configuration list for PBXNativeTarget "YSTinder" */ = {
			isa = XCConfigurationList;
			buildConfigurations = (
				7E0BA38C21E584840067D792 /* Debug */,
				7E0BA38D21E584840067D792 /* Release */,
			);
			defaultConfigurationIsVisible = 0;
			defaultConfigurationName = Release;
		};
/* End XCConfigurationList section */
	};
	rootObject = 7E0BA37121E584810067D792 /* Project object */;
}
