// !$*UTF8*$!
{
	archiveVersion = 1;
	classes = {
	};
	objectVersion = 50;
	objects = {

/* Begin PBXBuildFile section */
		7E0BA37D21E584810067D792 /* AppDelegate.swift in Sources */ = {isa = PBXBuildFile; fileRef = 7E0BA37C21E584810067D792 /* AppDelegate.swift */; };
		7E0BA37F21E584810067D792 /* YSHomeController.swift in Sources */ = {isa = PBXBuildFile; fileRef = 7E0BA37E21E584810067D792 /* YSHomeController.swift */; };
		7E0BA38221E584810067D792 /* Main.storyboard in Resources */ = {isa = PBXBuildFile; fileRef = 7E0BA38021E584810067D792 /* Main.storyboard */; };
		7E0BA38421E584840067D792 /* Assets.xcassets in Resources */ = {isa = PBXBuildFile; fileRef = 7E0BA38321E584840067D792 /* Assets.xcassets */; };
		7E0BA38721E584840067D792 /* LaunchScreen.storyboard in Resources */ = {isa = PBXBuildFile; fileRef = 7E0BA38521E584840067D792 /* LaunchScreen.storyboard */; };
		7E0BA39021E58D700067D792 /* Extensions+UIView.swift in Sources */ = {isa = PBXBuildFile; fileRef = 7E0BA38F21E58D700067D792 /* Extensions+UIView.swift */; };
		7E0BA39321E597C40067D792 /* YSBottomControlsStackView.swift in Sources */ = {isa = PBXBuildFile; fileRef = 7E0BA39221E597C40067D792 /* YSBottomControlsStackView.swift */; };
		7E0BA39521E59BDF0067D792 /* YSTopNavigationStackView.swift in Sources */ = {isa = PBXBuildFile; fileRef = 7E0BA39421E59BDF0067D792 /* YSTopNavigationStackView.swift */; };
		7E0BA39821E5A5200067D792 /* YSCardView.swift in Sources */ = {isa = PBXBuildFile; fileRef = 7E0BA39721E5A5200067D792 /* YSCardView.swift */; };
		7E0BA39B21E5DADF0067D792 /* YSUser.swift in Sources */ = {isa = PBXBuildFile; fileRef = 7E0BA39A21E5DADF0067D792 /* YSUser.swift */; };
		7E0BA39E21E5E6370067D792 /* YSCardViewModel.swift in Sources */ = {isa = PBXBuildFile; fileRef = 7E0BA39D21E5E6370067D792 /* YSCardViewModel.swift */; };
		7E0BA3A021E5F80C0067D792 /* YSAdvertiser.swift in Sources */ = {isa = PBXBuildFile; fileRef = 7E0BA39F21E5F80C0067D792 /* YSAdvertiser.swift */; };
		7E1FE87A21ED76F2007880D9 /* YSFirestore.swift in Sources */ = {isa = PBXBuildFile; fileRef = 7E1FE87921ED76F2007880D9 /* YSFirestore.swift */; };
		7E1FE87D21EEC3AC007880D9 /* YSSettingsController.swift in Sources */ = {isa = PBXBuildFile; fileRef = 7E1FE87C21EEC3AC007880D9 /* YSSettingsController.swift */; };
		7E1FE87F21EED0AB007880D9 /* YSSettingsController+TableView.swift in Sources */ = {isa = PBXBuildFile; fileRef = 7E1FE87E21EED0AB007880D9 /* YSSettingsController+TableView.swift */; };
		7E1FE88321EED5A2007880D9 /* YSSettingsCell.swift in Sources */ = {isa = PBXBuildFile; fileRef = 7E1FE88221EED5A2007880D9 /* YSSettingsCell.swift */; };
		7E28046021E82DA70025F6DC /* YSRegisterationController.swift in Sources */ = {isa = PBXBuildFile; fileRef = 7E28045F21E82DA70025F6DC /* YSRegisterationController.swift */; };
		7E28046221E837B90025F6DC /* YSCustomTextField.swift in Sources */ = {isa = PBXBuildFile; fileRef = 7E28046121E837B90025F6DC /* YSCustomTextField.swift */; };
		7E6E593E21E8635B00E5DFA4 /* RegisterationViewModel.swift in Sources */ = {isa = PBXBuildFile; fileRef = 7E6E593D21E8635B00E5DFA4 /* RegisterationViewModel.swift */; };
		7E6E594021E86F8A00E5DFA4 /* GoogleService-Info.plist in Resources */ = {isa = PBXBuildFile; fileRef = 7E6E593F21E86F8A00E5DFA4 /* GoogleService-Info.plist */; };
		7E6E594221E8803F00E5DFA4 /* Bindable.swift in Sources */ = {isa = PBXBuildFile; fileRef = 7E6E594121E8803F00E5DFA4 /* Bindable.swift */; };
		7E6E594521E8888600E5DFA4 /* YSJGProgressHUD.swift in Sources */ = {isa = PBXBuildFile; fileRef = 7E6E594421E8888600E5DFA4 /* YSJGProgressHUD.swift */; };
		7EB3DD2621EF2143000DD6B4 /* TLCityPickerController.m in Sources */ = {isa = PBXBuildFile; fileRef = 7EB3DD1B21EF2132000DD6B4 /* TLCityPickerController.m */; };
		7EB3DD2721EF2143000DD6B4 /* TLCityHeaderView.m in Sources */ = {isa = PBXBuildFile; fileRef = 7EB3DD1D21EF2134000DD6B4 /* TLCityHeaderView.m */; };
		7EB3DD2821EF2143000DD6B4 /* TLCityPickerSearchResultController.m in Sources */ = {isa = PBXBuildFile; fileRef = 7EB3DD1F21EF2139000DD6B4 /* TLCityPickerSearchResultController.m */; };
		7EB3DD2921EF2143000DD6B4 /* TLCity.m in Sources */ = {isa = PBXBuildFile; fileRef = 7EB3DD2121EF213E000DD6B4 /* TLCity.m */; };
		7EB3DD2A21EF2143000DD6B4 /* CityData.plist in Resources */ = {isa = PBXBuildFile; fileRef = 7EB3DD2421EF2142000DD6B4 /* CityData.plist */; };
		7EB3DD2B21EF2143000DD6B4 /* TLCityGroupCell.m in Sources */ = {isa = PBXBuildFile; fileRef = 7EB3DD2521EF2143000DD6B4 /* TLCityGroupCell.m */; };
		7EB3DD2D21F075F1000DD6B4 /* YSAgeRangeCell.swift in Sources */ = {isa = PBXBuildFile; fileRef = 7EB3DD2C21F075F1000DD6B4 /* YSAgeRangeCell.swift */; };
		7EB3DD2F21F172E7000DD6B4 /* SettingsControllerDelegate.swift in Sources */ = {isa = PBXBuildFile; fileRef = 7EB3DD2E21F172E7000DD6B4 /* SettingsControllerDelegate.swift */; };
		7EB3DD3121F1A9E9000DD6B4 /* Constants.swift in Sources */ = {isa = PBXBuildFile; fileRef = 7EB3DD3021F1A9E9000DD6B4 /* Constants.swift */; };
		930E95D84E3F27B6107777CF /* Pods_YSTinder.framework in Frameworks */ = {isa = PBXBuildFile; fileRef = A4C474F8A5D2AC5271D35EC3 /* Pods_YSTinder.framework */; };
/* End PBXBuildFile section */

/* Begin PBXFileReference section */
		2733EB385E919EB779DEAE73 /* Pods-YSTinder.debug.xcconfig */ = {isa = PBXFileReference; includeInIndex = 1; lastKnownFileType = text.xcconfig; name = "Pods-YSTinder.debug.xcconfig"; path = "Pods/Target Support Files/Pods-YSTinder/Pods-YSTinder.debug.xcconfig"; sourceTree = "<group>"; };
		7E0BA37921E584810067D792 /* YSTinder.app */ = {isa = PBXFileReference; explicitFileType = wrapper.application; includeInIndex = 0; path = YSTinder.app; sourceTree = BUILT_PRODUCTS_DIR; };
		7E0BA37C21E584810067D792 /* AppDelegate.swift */ = {isa = PBXFileReference; lastKnownFileType = sourcecode.swift; path = AppDelegate.swift; sourceTree = "<group>"; };
		7E0BA37E21E584810067D792 /* YSHomeController.swift */ = {isa = PBXFileReference; lastKnownFileType = sourcecode.swift; path = YSHomeController.swift; sourceTree = "<group>"; };
		7E0BA38121E584810067D792 /* Base */ = {isa = PBXFileReference; lastKnownFileType = file.storyboard; name = Base; path = Base.lproj/Main.storyboard; sourceTree = "<group>"; };
		7E0BA38321E584840067D792 /* Assets.xcassets */ = {isa = PBXFileReference; lastKnownFileType = folder.assetcatalog; path = Assets.xcassets; sourceTree = "<group>"; };
		7E0BA38621E584840067D792 /* Base */ = {isa = PBXFileReference; lastKnownFileType = file.storyboard; name = Base; path = Base.lproj/LaunchScreen.storyboard; sourceTree = "<group>"; };
		7E0BA38821E584840067D792 /* Info.plist */ = {isa = PBXFileReference; lastKnownFileType = text.plist.xml; path = Info.plist; sourceTree = "<group>"; };
		7E0BA38F21E58D700067D792 /* Extensions+UIView.swift */ = {isa = PBXFileReference; fileEncoding = 4; lastKnownFileType = sourcecode.swift; path = "Extensions+UIView.swift"; sourceTree = "<group>"; };
		7E0BA39221E597C40067D792 /* YSBottomControlsStackView.swift */ = {isa = PBXFileReference; lastKnownFileType = sourcecode.swift; path = YSBottomControlsStackView.swift; sourceTree = "<group>"; };
		7E0BA39421E59BDF0067D792 /* YSTopNavigationStackView.swift */ = {isa = PBXFileReference; lastKnownFileType = sourcecode.swift; path = YSTopNavigationStackView.swift; sourceTree = "<group>"; };
		7E0BA39721E5A5200067D792 /* YSCardView.swift */ = {isa = PBXFileReference; lastKnownFileType = sourcecode.swift; path = YSCardView.swift; sourceTree = "<group>"; };
		7E0BA39A21E5DADF0067D792 /* YSUser.swift */ = {isa = PBXFileReference; lastKnownFileType = sourcecode.swift; path = YSUser.swift; sourceTree = "<group>"; };
		7E0BA39D21E5E6370067D792 /* YSCardViewModel.swift */ = {isa = PBXFileReference; lastKnownFileType = sourcecode.swift; path = YSCardViewModel.swift; sourceTree = "<group>"; };
		7E0BA39F21E5F80C0067D792 /* YSAdvertiser.swift */ = {isa = PBXFileReference; lastKnownFileType = sourcecode.swift; path = YSAdvertiser.swift; sourceTree = "<group>"; };
		7E1FE87921ED76F2007880D9 /* YSFirestore.swift */ = {isa = PBXFileReference; lastKnownFileType = sourcecode.swift; path = YSFirestore.swift; sourceTree = "<group>"; };
		7E1FE87C21EEC3AC007880D9 /* YSSettingsController.swift */ = {isa = PBXFileReference; lastKnownFileType = sourcecode.swift; path = YSSettingsController.swift; sourceTree = "<group>"; };
		7E1FE87E21EED0AB007880D9 /* YSSettingsController+TableView.swift */ = {isa = PBXFileReference; lastKnownFileType = sourcecode.swift; path = "YSSettingsController+TableView.swift"; sourceTree = "<group>"; };
		7E1FE88221EED5A2007880D9 /* YSSettingsCell.swift */ = {isa = PBXFileReference; lastKnownFileType = sourcecode.swift; path = YSSettingsCell.swift; sourceTree = "<group>"; };
		7E28045F21E82DA70025F6DC /* YSRegisterationController.swift */ = {isa = PBXFileReference; lastKnownFileType = sourcecode.swift; path = YSRegisterationController.swift; sourceTree = "<group>"; };
		7E28046121E837B90025F6DC /* YSCustomTextField.swift */ = {isa = PBXFileReference; lastKnownFileType = sourcecode.swift; path = YSCustomTextField.swift; sourceTree = "<group>"; };
		7E6E593D21E8635B00E5DFA4 /* RegisterationViewModel.swift */ = {isa = PBXFileReference; lastKnownFileType = sourcecode.swift; path = RegisterationViewModel.swift; sourceTree = "<group>"; };
		7E6E593F21E86F8A00E5DFA4 /* GoogleService-Info.plist */ = {isa = PBXFileReference; fileEncoding = 4; lastKnownFileType = text.plist.xml; path = "GoogleService-Info.plist"; sourceTree = "<group>"; };
		7E6E594121E8803F00E5DFA4 /* Bindable.swift */ = {isa = PBXFileReference; lastKnownFileType = sourcecode.swift; path = Bindable.swift; sourceTree = "<group>"; };
		7E6E594421E8888600E5DFA4 /* YSJGProgressHUD.swift */ = {isa = PBXFileReference; lastKnownFileType = sourcecode.swift; path = YSJGProgressHUD.swift; sourceTree = "<group>"; };
		7EB3DD1921EF212E000DD6B4 /* YSTinder-Bridging-Header.h */ = {isa = PBXFileReference; lastKnownFileType = sourcecode.c.h; path = "YSTinder-Bridging-Header.h"; sourceTree = "<group>"; };
		7EB3DD1A21EF2130000DD6B4 /* TLCityHeaderView.h */ = {isa = PBXFileReference; fileEncoding = 4; lastKnownFileType = sourcecode.c.h; path = TLCityHeaderView.h; sourceTree = "<group>"; };
		7EB3DD1B21EF2132000DD6B4 /* TLCityPickerController.m */ = {isa = PBXFileReference; fileEncoding = 4; lastKnownFileType = sourcecode.c.objc; path = TLCityPickerController.m; sourceTree = "<group>"; };
		7EB3DD1C21EF2133000DD6B4 /* TLCity.h */ = {isa = PBXFileReference; fileEncoding = 4; lastKnownFileType = sourcecode.c.h; path = TLCity.h; sourceTree = "<group>"; };
		7EB3DD1D21EF2134000DD6B4 /* TLCityHeaderView.m */ = {isa = PBXFileReference; fileEncoding = 4; lastKnownFileType = sourcecode.c.objc; path = TLCityHeaderView.m; sourceTree = "<group>"; };
		7EB3DD1E21EF2135000DD6B4 /* TLCityPickerDelegate.h */ = {isa = PBXFileReference; fileEncoding = 4; lastKnownFileType = sourcecode.c.h; path = TLCityPickerDelegate.h; sourceTree = "<group>"; };
		7EB3DD1F21EF2139000DD6B4 /* TLCityPickerSearchResultController.m */ = {isa = PBXFileReference; fileEncoding = 4; lastKnownFileType = sourcecode.c.objc; path = TLCityPickerSearchResultController.m; sourceTree = "<group>"; };
		7EB3DD2021EF213A000DD6B4 /* TLCityPickerSearchResultController.h */ = {isa = PBXFileReference; fileEncoding = 4; lastKnownFileType = sourcecode.c.h; path = TLCityPickerSearchResultController.h; sourceTree = "<group>"; };
		7EB3DD2121EF213E000DD6B4 /* TLCity.m */ = {isa = PBXFileReference; fileEncoding = 4; lastKnownFileType = sourcecode.c.objc; path = TLCity.m; sourceTree = "<group>"; };
		7EB3DD2221EF213F000DD6B4 /* TLCityPickerController.h */ = {isa = PBXFileReference; fileEncoding = 4; lastKnownFileType = sourcecode.c.h; path = TLCityPickerController.h; sourceTree = "<group>"; };
		7EB3DD2321EF2140000DD6B4 /* TLCityGroupCell.h */ = {isa = PBXFileReference; fileEncoding = 4; lastKnownFileType = sourcecode.c.h; path = TLCityGroupCell.h; sourceTree = "<group>"; };
		7EB3DD2421EF2142000DD6B4 /* CityData.plist */ = {isa = PBXFileReference; fileEncoding = 4; lastKnownFileType = text.plist.xml; path = CityData.plist; sourceTree = "<group>"; };
		7EB3DD2521EF2143000DD6B4 /* TLCityGroupCell.m */ = {isa = PBXFileReference; fileEncoding = 4; lastKnownFileType = sourcecode.c.objc; path = TLCityGroupCell.m; sourceTree = "<group>"; };
		7EB3DD2C21F075F1000DD6B4 /* YSAgeRangeCell.swift */ = {isa = PBXFileReference; lastKnownFileType = sourcecode.swift; path = YSAgeRangeCell.swift; sourceTree = "<group>"; };
		7EB3DD2E21F172E7000DD6B4 /* SettingsControllerDelegate.swift */ = {isa = PBXFileReference; lastKnownFileType = sourcecode.swift; path = SettingsControllerDelegate.swift; sourceTree = "<group>"; };
		7EB3DD3021F1A9E9000DD6B4 /* Constants.swift */ = {isa = PBXFileReference; lastKnownFileType = sourcecode.swift; path = Constants.swift; sourceTree = "<group>"; };
		9A0CF00E8739173F750BEDE7 /* Pods-YSTinder.release.xcconfig */ = {isa = PBXFileReference; includeInIndex = 1; lastKnownFileType = text.xcconfig; name = "Pods-YSTinder.release.xcconfig"; path = "Pods/Target Support Files/Pods-YSTinder/Pods-YSTinder.release.xcconfig"; sourceTree = "<group>"; };
		A4C474F8A5D2AC5271D35EC3 /* Pods_YSTinder.framework */ = {isa = PBXFileReference; explicitFileType = wrapper.framework; includeInIndex = 0; path = Pods_YSTinder.framework; sourceTree = BUILT_PRODUCTS_DIR; };
/* End PBXFileReference section */

/* Begin PBXFrameworksBuildPhase section */
		7E0BA37621E584810067D792 /* Frameworks */ = {
			isa = PBXFrameworksBuildPhase;
			buildActionMask = 2147483647;
			files = (
				930E95D84E3F27B6107777CF /* Pods_YSTinder.framework in Frameworks */,
			);
			runOnlyForDeploymentPostprocessing = 0;
		};
/* End PBXFrameworksBuildPhase section */

/* Begin PBXGroup section */
		54F8A5237B5B1BB1C5FE3FCE /* Pods */ = {
			isa = PBXGroup;
			children = (
				2733EB385E919EB779DEAE73 /* Pods-YSTinder.debug.xcconfig */,
				9A0CF00E8739173F750BEDE7 /* Pods-YSTinder.release.xcconfig */,
			);
			name = Pods;
			sourceTree = "<group>";
		};
		7E0BA37021E584810067D792 = {
			isa = PBXGroup;
			children = (
				7E0BA37B21E584810067D792 /* YSTinder */,
				7E0BA37A21E584810067D792 /* Products */,
				54F8A5237B5B1BB1C5FE3FCE /* Pods */,
				A6B4CA4479CED9E8A777E448 /* Frameworks */,
			);
			sourceTree = "<group>";
		};
		7E0BA37A21E584810067D792 /* Products */ = {
			isa = PBXGroup;
			children = (
				7E0BA37921E584810067D792 /* YSTinder.app */,
			);
			name = Products;
			sourceTree = "<group>";
		};
		7E0BA37B21E584810067D792 /* YSTinder */ = {
			isa = PBXGroup;
			children = (
				7EB3DD1821EF2122000DD6B4 /* CityPicker */,
				7E6E594621E899A400E5DFA4 /* Network */,
				7E6E594321E8887300E5DFA4 /* Util */,
				7E28045E21E82CE10025F6DC /* Register & Login */,
				7E0BA39921E5DAD20067D792 /* Model */,
				7E1FE87B21EEC37E007880D9 /* Settings */,
				7E0BA39621E59C270067D792 /* Home */,
				7E0BA38E21E58D330067D792 /* Extensions */,
				7E0BA37C21E584810067D792 /* AppDelegate.swift */,
				7E0BA38021E584810067D792 /* Main.storyboard */,
				7E0BA38321E584840067D792 /* Assets.xcassets */,
				7E0BA38521E584840067D792 /* LaunchScreen.storyboard */,
				7E0BA38821E584840067D792 /* Info.plist */,
				7E6E593F21E86F8A00E5DFA4 /* GoogleService-Info.plist */,
			);
			path = YSTinder;
			sourceTree = "<group>";
		};
		7E0BA38E21E58D330067D792 /* Extensions */ = {
			isa = PBXGroup;
			children = (
				7E0BA38F21E58D700067D792 /* Extensions+UIView.swift */,
				7E28046121E837B90025F6DC /* YSCustomTextField.swift */,
			);
			path = Extensions;
			sourceTree = "<group>";
		};
		7E0BA39121E5979C0067D792 /* Views */ = {
			isa = PBXGroup;
			children = (
				7E0BA39221E597C40067D792 /* YSBottomControlsStackView.swift */,
				7E0BA39421E59BDF0067D792 /* YSTopNavigationStackView.swift */,
				7E0BA39721E5A5200067D792 /* YSCardView.swift */,
			);
			path = Views;
			sourceTree = "<group>";
		};
		7E0BA39621E59C270067D792 /* Home */ = {
			isa = PBXGroup;
			children = (
				7E1FE88521EED5BA007880D9 /* ViewModel */,
				7E1FE88421EED5B1007880D9 /* Controller */,
				7E0BA39121E5979C0067D792 /* Views */,
			);
			path = Home;
			sourceTree = "<group>";
		};
		7E0BA39921E5DAD20067D792 /* Model */ = {
			isa = PBXGroup;
			children = (
				7E0BA39A21E5DADF0067D792 /* YSUser.swift */,
				7E0BA39F21E5F80C0067D792 /* YSAdvertiser.swift */,
			);
			path = Model;
			sourceTree = "<group>";
		};
		7E1FE87B21EEC37E007880D9 /* Settings */ = {
			isa = PBXGroup;
			children = (
				7E1FE88121EED583007880D9 /* Controller */,
				7E1FE88021EED57B007880D9 /* Views */,
			);
			path = Settings;
			sourceTree = "<group>";
		};
		7E1FE88021EED57B007880D9 /* Views */ = {
			isa = PBXGroup;
			children = (
				7E1FE88221EED5A2007880D9 /* YSSettingsCell.swift */,
				7EB3DD2C21F075F1000DD6B4 /* YSAgeRangeCell.swift */,
			);
			path = Views;
			sourceTree = "<group>";
		};
		7E1FE88121EED583007880D9 /* Controller */ = {
			isa = PBXGroup;
			children = (
				7E1FE87C21EEC3AC007880D9 /* YSSettingsController.swift */,
				7E1FE87E21EED0AB007880D9 /* YSSettingsController+TableView.swift */,
				7EB3DD2E21F172E7000DD6B4 /* SettingsControllerDelegate.swift */,
			);
			path = Controller;
			sourceTree = "<group>";
		};
		7E1FE88421EED5B1007880D9 /* Controller */ = {
			isa = PBXGroup;
			children = (
				7E0BA37E21E584810067D792 /* YSHomeController.swift */,
			);
			path = Controller;
			sourceTree = "<group>";
		};
		7E1FE88521EED5BA007880D9 /* ViewModel */ = {
			isa = PBXGroup;
			children = (
				7E0BA39D21E5E6370067D792 /* YSCardViewModel.swift */,
			);
			path = ViewModel;
			sourceTree = "<group>";
		};
		7E1FE88621EED5CE007880D9 /* Controller */ = {
			isa = PBXGroup;
			children = (
				7E28045F21E82DA70025F6DC /* YSRegisterationController.swift */,
			);
			path = Controller;
			sourceTree = "<group>";
		};
		7E1FE88721EED5D4007880D9 /* View */ = {
			isa = PBXGroup;
			children = (
			);
			path = View;
			sourceTree = "<group>";
		};
		7E1FE88821EED5D8007880D9 /* ViewModel */ = {
			isa = PBXGroup;
			children = (
				7E6E593D21E8635B00E5DFA4 /* RegisterationViewModel.swift */,
			);
			path = ViewModel;
			sourceTree = "<group>";
		};
		7E28045E21E82CE10025F6DC /* Register & Login */ = {
			isa = PBXGroup;
			children = (
				7E1FE88821EED5D8007880D9 /* ViewModel */,
				7E1FE88721EED5D4007880D9 /* View */,
				7E1FE88621EED5CE007880D9 /* Controller */,
			);
			path = "Register & Login";
			sourceTree = "<group>";
		};
		7E6E594321E8887300E5DFA4 /* Util */ = {
			isa = PBXGroup;
			children = (
				7E6E594121E8803F00E5DFA4 /* Bindable.swift */,
				7E6E594421E8888600E5DFA4 /* YSJGProgressHUD.swift */,
				7EB3DD3021F1A9E9000DD6B4 /* Constants.swift */,
			);
			path = Util;
			sourceTree = "<group>";
		};
		7E6E594621E899A400E5DFA4 /* Network */ = {
			isa = PBXGroup;
			children = (
				7E1FE87921ED76F2007880D9 /* YSFirestore.swift */,
			);
			path = Network;
			sourceTree = "<group>";
		};
		7EB3DD1821EF2122000DD6B4 /* CityPicker */ = {
			isa = PBXGroup;
			children = (
				7EB3DD2421EF2142000DD6B4 /* CityData.plist */,
				7EB3DD1C21EF2133000DD6B4 /* TLCity.h */,
				7EB3DD2121EF213E000DD6B4 /* TLCity.m */,
				7EB3DD2321EF2140000DD6B4 /* TLCityGroupCell.h */,
				7EB3DD2521EF2143000DD6B4 /* TLCityGroupCell.m */,
				7EB3DD1A21EF2130000DD6B4 /* TLCityHeaderView.h */,
				7EB3DD1D21EF2134000DD6B4 /* TLCityHeaderView.m */,
				7EB3DD2221EF213F000DD6B4 /* TLCityPickerController.h */,
				7EB3DD1B21EF2132000DD6B4 /* TLCityPickerController.m */,
				7EB3DD1E21EF2135000DD6B4 /* TLCityPickerDelegate.h */,
				7EB3DD2021EF213A000DD6B4 /* TLCityPickerSearchResultController.h */,
				7EB3DD1F21EF2139000DD6B4 /* TLCityPickerSearchResultController.m */,
				7EB3DD1921EF212E000DD6B4 /* YSTinder-Bridging-Header.h */,
			);
			path = CityPicker;
			sourceTree = "<group>";
		};
		A6B4CA4479CED9E8A777E448 /* Frameworks */ = {
			isa = PBXGroup;
			children = (
				A4C474F8A5D2AC5271D35EC3 /* Pods_YSTinder.framework */,
			);
			name = Frameworks;
			sourceTree = "<group>";
		};
/* End PBXGroup section */

/* Begin PBXNativeTarget section */
		7E0BA37821E584810067D792 /* YSTinder */ = {
			isa = PBXNativeTarget;
			buildConfigurationList = 7E0BA38B21E584840067D792 /* Build configuration list for PBXNativeTarget "YSTinder" */;
			buildPhases = (
				7DCC1046ADD867FDB6CE2F58 /* [CP] Check Pods Manifest.lock */,
				7E0BA37521E584810067D792 /* Sources */,
				7E0BA37621E584810067D792 /* Frameworks */,
				7E0BA37721E584810067D792 /* Resources */,
				36F7599DAEF4D1AC5EA17521 /* [CP] Embed Pods Frameworks */,
				66133B46A920039344E524E0 /* [CP] Copy Pods Resources */,
			);
			buildRules = (
			);
			dependencies = (
			);
			name = YSTinder;
			productName = YSTinder;
			productReference = 7E0BA37921E584810067D792 /* YSTinder.app */;
			productType = "com.apple.product-type.application";
		};
/* End PBXNativeTarget section */

/* Begin PBXProject section */
		7E0BA37121E584810067D792 /* Project object */ = {
			isa = PBXProject;
			attributes = {
				CLASSPREFIX = YS;
				LastSwiftUpdateCheck = 1010;
				LastUpgradeCheck = 1010;
				ORGANIZATIONNAME = liurenrui;
				TargetAttributes = {
					7E0BA37821E584810067D792 = {
						CreatedOnToolsVersion = 10.1;
						LastSwiftMigration = 1010;
					};
				};
			};
			buildConfigurationList = 7E0BA37421E584810067D792 /* Build configuration list for PBXProject "YSTinder" */;
			compatibilityVersion = "Xcode 9.3";
			developmentRegion = en;
			hasScannedForEncodings = 0;
			knownRegions = (
				en,
				Base,
			);
			mainGroup = 7E0BA37021E584810067D792;
			productRefGroup = 7E0BA37A21E584810067D792 /* Products */;
			projectDirPath = "";
			projectRoot = "";
			targets = (
				7E0BA37821E584810067D792 /* YSTinder */,
			);
		};
/* End PBXProject section */

/* Begin PBXResourcesBuildPhase section */
		7E0BA37721E584810067D792 /* Resources */ = {
			isa = PBXResourcesBuildPhase;
			buildActionMask = 2147483647;
			files = (
				7E0BA38721E584840067D792 /* LaunchScreen.storyboard in Resources */,
				7E6E594021E86F8A00E5DFA4 /* GoogleService-Info.plist in Resources */,
				7EB3DD2A21EF2143000DD6B4 /* CityData.plist in Resources */,
				7E0BA38421E584840067D792 /* Assets.xcassets in Resources */,
				7E0BA38221E584810067D792 /* Main.storyboard in Resources */,
			);
			runOnlyForDeploymentPostprocessing = 0;
		};
/* End PBXResourcesBuildPhase section */

/* Begin PBXShellScriptBuildPhase section */
		36F7599DAEF4D1AC5EA17521 /* [CP] Embed Pods Frameworks */ = {
			isa = PBXShellScriptBuildPhase;
			buildActionMask = 2147483647;
			files = (
			);
			inputFileListPaths = (
			);
			inputPaths = (
				"${SRCROOT}/Pods/Target Support Files/Pods-YSTinder/Pods-YSTinder-frameworks.sh",
				"${BUILT_PRODUCTS_DIR}/BoringSSL/openssl.framework",
				"${BUILT_PRODUCTS_DIR}/GTMSessionFetcher/GTMSessionFetcher.framework",
				"${BUILT_PRODUCTS_DIR}/GoogleUtilities/GoogleUtilities.framework",
				"${BUILT_PRODUCTS_DIR}/JGProgressHUD/JGProgressHUD.framework",
				"${BUILT_PRODUCTS_DIR}/Protobuf/Protobuf.framework",
				"${BUILT_PRODUCTS_DIR}/ReachabilitySwift/Reachability.framework",
				"${BUILT_PRODUCTS_DIR}/SDWebImage/SDWebImage.framework",
				"${BUILT_PRODUCTS_DIR}/gRPC-C++/grpcpp.framework",
				"${BUILT_PRODUCTS_DIR}/gRPC-Core/grpc.framework",
				"${BUILT_PRODUCTS_DIR}/leveldb-library/leveldb.framework",
				"${BUILT_PRODUCTS_DIR}/nanopb/nanopb.framework",
			);
			name = "[CP] Embed Pods Frameworks";
			outputFileListPaths = (
			);
			outputPaths = (
				"${TARGET_BUILD_DIR}/${FRAMEWORKS_FOLDER_PATH}/openssl.framework",
				"${TARGET_BUILD_DIR}/${FRAMEWORKS_FOLDER_PATH}/GTMSessionFetcher.framework",
				"${TARGET_BUILD_DIR}/${FRAMEWORKS_FOLDER_PATH}/GoogleUtilities.framework",
				"${TARGET_BUILD_DIR}/${FRAMEWORKS_FOLDER_PATH}/JGProgressHUD.framework",
				"${TARGET_BUILD_DIR}/${FRAMEWORKS_FOLDER_PATH}/Protobuf.framework",
				"${TARGET_BUILD_DIR}/${FRAMEWORKS_FOLDER_PATH}/Reachability.framework",
				"${TARGET_BUILD_DIR}/${FRAMEWORKS_FOLDER_PATH}/SDWebImage.framework",
				"${TARGET_BUILD_DIR}/${FRAMEWORKS_FOLDER_PATH}/grpcpp.framework",
				"${TARGET_BUILD_DIR}/${FRAMEWORKS_FOLDER_PATH}/grpc.framework",
				"${TARGET_BUILD_DIR}/${FRAMEWORKS_FOLDER_PATH}/leveldb.framework",
				"${TARGET_BUILD_DIR}/${FRAMEWORKS_FOLDER_PATH}/nanopb.framework",
			);
			runOnlyForDeploymentPostprocessing = 0;
			shellPath = /bin/sh;
			shellScript = "\"${SRCROOT}/Pods/Target Support Files/Pods-YSTinder/Pods-YSTinder-frameworks.sh\"\n";
			showEnvVarsInLog = 0;
		};
		66133B46A920039344E524E0 /* [CP] Copy Pods Resources */ = {
			isa = PBXShellScriptBuildPhase;
			buildActionMask = 2147483647;
			files = (
			);
			inputFileListPaths = (
			);
			inputPaths = (
				"${SRCROOT}/Pods/Target Support Files/Pods-YSTinder/Pods-YSTinder-resources.sh",
				"${PODS_CONFIGURATION_BUILD_DIR}/FirebaseFirestore/gRPCCertificates-Firestore.bundle",
			);
			name = "[CP] Copy Pods Resources";
			outputFileListPaths = (
			);
			outputPaths = (
				"${TARGET_BUILD_DIR}/${UNLOCALIZED_RESOURCES_FOLDER_PATH}/gRPCCertificates-Firestore.bundle",
			);
			runOnlyForDeploymentPostprocessing = 0;
			shellPath = /bin/sh;
			shellScript = "\"${SRCROOT}/Pods/Target Support Files/Pods-YSTinder/Pods-YSTinder-resources.sh\"\n";
			showEnvVarsInLog = 0;
		};
		7DCC1046ADD867FDB6CE2F58 /* [CP] Check Pods Manifest.lock */ = {
			isa = PBXShellScriptBuildPhase;
			buildActionMask = 2147483647;
			files = (
			);
			inputFileListPaths = (
			);
			inputPaths = (
				"${PODS_PODFILE_DIR_PATH}/Podfile.lock",
				"${PODS_ROOT}/Manifest.lock",
			);
			name = "[CP] Check Pods Manifest.lock";
			outputFileListPaths = (
			);
			outputPaths = (
				"$(DERIVED_FILE_DIR)/Pods-YSTinder-checkManifestLockResult.txt",
			);
			runOnlyForDeploymentPostprocessing = 0;
			shellPath = /bin/sh;
			shellScript = "diff \"${PODS_PODFILE_DIR_PATH}/Podfile.lock\" \"${PODS_ROOT}/Manifest.lock\" > /dev/null\nif [ $? != 0 ] ; then\n    # print error to STDERR\n    echo \"error: The sandbox is not in sync with the Podfile.lock. Run 'pod install' or update your CocoaPods installation.\" >&2\n    exit 1\nfi\n# This output is used by Xcode 'outputs' to avoid re-running this script phase.\necho \"SUCCESS\" > \"${SCRIPT_OUTPUT_FILE_0}\"\n";
			showEnvVarsInLog = 0;
		};
/* End PBXShellScriptBuildPhase section */

/* Begin PBXSourcesBuildPhase section */
		7E0BA37521E584810067D792 /* Sources */ = {
			isa = PBXSourcesBuildPhase;
			buildActionMask = 2147483647;
			files = (
				7EB3DD2621EF2143000DD6B4 /* TLCityPickerController.m in Sources */,
				7EB3DD2B21EF2143000DD6B4 /* TLCityGroupCell.m in Sources */,
				7E6E594221E8803F00E5DFA4 /* Bindable.swift in Sources */,
				7E0BA37F21E584810067D792 /* YSHomeController.swift in Sources */,
				7E0BA39321E597C40067D792 /* YSBottomControlsStackView.swift in Sources */,
				7EB3DD2D21F075F1000DD6B4 /* YSAgeRangeCell.swift in Sources */,
				7EB3DD2F21F172E7000DD6B4 /* SettingsControllerDelegate.swift in Sources */,
				7EB3DD3121F1A9E9000DD6B4 /* Constants.swift in Sources */,
				7E0BA3A021E5F80C0067D792 /* YSAdvertiser.swift in Sources */,
				7E6E593E21E8635B00E5DFA4 /* RegisterationViewModel.swift in Sources */,
				7E28046221E837B90025F6DC /* YSCustomTextField.swift in Sources */,
				7E1FE87F21EED0AB007880D9 /* YSSettingsController+TableView.swift in Sources */,
				7E1FE87D21EEC3AC007880D9 /* YSSettingsController.swift in Sources */,
				7E0BA37D21E584810067D792 /* AppDelegate.swift in Sources */,
				7EB3DD2921EF2143000DD6B4 /* TLCity.m in Sources */,
				7E6E594521E8888600E5DFA4 /* YSJGProgressHUD.swift in Sources */,
				7E1FE87A21ED76F2007880D9 /* YSFirestore.swift in Sources */,
				7EB3DD2821EF2143000DD6B4 /* TLCityPickerSearchResultController.m in Sources */,
				7E28046021E82DA70025F6DC /* YSRegisterationController.swift in Sources */,
				7E1FE88321EED5A2007880D9 /* YSSettingsCell.swift in Sources */,
				7EB3DD2721EF2143000DD6B4 /* TLCityHeaderView.m in Sources */,
				7E0BA39021E58D700067D792 /* Extensions+UIView.swift in Sources */,
				7E0BA39E21E5E6370067D792 /* YSCardViewModel.swift in Sources */,
				7E0BA39821E5A5200067D792 /* YSCardView.swift in Sources */,
				7E0BA39521E59BDF0067D792 /* YSTopNavigationStackView.swift in Sources */,
				7E0BA39B21E5DADF0067D792 /* YSUser.swift in Sources */,
			);
			runOnlyForDeploymentPostprocessing = 0;
		};
/* End PBXSourcesBuildPhase section */

/* Begin PBXVariantGroup section */
		7E0BA38021E584810067D792 /* Main.storyboard */ = {
			isa = PBXVariantGroup;
			children = (
				7E0BA38121E584810067D792 /* Base */,
			);
			name = Main.storyboard;
			sourceTree = "<group>";
		};
		7E0BA38521E584840067D792 /* LaunchScreen.storyboard */ = {
			isa = PBXVariantGroup;
			children = (
				7E0BA38621E584840067D792 /* Base */,
			);
			name = LaunchScreen.storyboard;
			sourceTree = "<group>";
		};
/* End PBXVariantGroup section */

/* Begin XCBuildConfiguration section */
		7E0BA38921E584840067D792 /* Debug */ = {
			isa = XCBuildConfiguration;
			buildSettings = {
				ALWAYS_SEARCH_USER_PATHS = NO;
				CLANG_ANALYZER_NONNULL = YES;
				CLANG_ANALYZER_NUMBER_OBJECT_CONVERSION = YES_AGGRESSIVE;
				CLANG_CXX_LANGUAGE_STANDARD = "gnu++14";
				CLANG_CXX_LIBRARY = "libc++";
				CLANG_ENABLE_MODULES = YES;
				CLANG_ENABLE_OBJC_ARC = YES;
				CLANG_ENABLE_OBJC_WEAK = YES;
				CLANG_WARN_BLOCK_CAPTURE_AUTORELEASING = YES;
				CLANG_WARN_BOOL_CONVERSION = YES;
				CLANG_WARN_COMMA = YES;
				CLANG_WARN_CONSTANT_CONVERSION = YES;
				CLANG_WARN_DEPRECATED_OBJC_IMPLEMENTATIONS = YES;
				CLANG_WARN_DIRECT_OBJC_ISA_USAGE = YES_ERROR;
				CLANG_WARN_DOCUMENTATION_COMMENTS = YES;
				CLANG_WARN_EMPTY_BODY = YES;
				CLANG_WARN_ENUM_CONVERSION = YES;
				CLANG_WARN_INFINITE_RECURSION = YES;
				CLANG_WARN_INT_CONVERSION = YES;
				CLANG_WARN_NON_LITERAL_NULL_CONVERSION = YES;
				CLANG_WARN_OBJC_IMPLICIT_RETAIN_SELF = YES;
				CLANG_WARN_OBJC_LITERAL_CONVERSION = YES;
				CLANG_WARN_OBJC_ROOT_CLASS = YES_ERROR;
				CLANG_WARN_RANGE_LOOP_ANALYSIS = YES;
				CLANG_WARN_STRICT_PROTOTYPES = YES;
				CLANG_WARN_SUSPICIOUS_MOVE = YES;
				CLANG_WARN_UNGUARDED_AVAILABILITY = YES_AGGRESSIVE;
				CLANG_WARN_UNREACHABLE_CODE = YES;
				CLANG_WARN__DUPLICATE_METHOD_MATCH = YES;
				CODE_SIGN_IDENTITY = "iPhone Developer";
				COPY_PHASE_STRIP = NO;
				DEBUG_INFORMATION_FORMAT = dwarf;
				ENABLE_STRICT_OBJC_MSGSEND = YES;
				ENABLE_TESTABILITY = YES;
				GCC_C_LANGUAGE_STANDARD = gnu11;
				GCC_DYNAMIC_NO_PIC = NO;
				GCC_NO_COMMON_BLOCKS = YES;
				GCC_OPTIMIZATION_LEVEL = 0;
				GCC_PREPROCESSOR_DEFINITIONS = (
					"DEBUG=1",
					"$(inherited)",
				);
				GCC_WARN_64_TO_32_BIT_CONVERSION = YES;
				GCC_WARN_ABOUT_RETURN_TYPE = YES_ERROR;
				GCC_WARN_UNDECLARED_SELECTOR = YES;
				GCC_WARN_UNINITIALIZED_AUTOS = YES_AGGRESSIVE;
				GCC_WARN_UNUSED_FUNCTION = YES;
				GCC_WARN_UNUSED_VARIABLE = YES;
				IPHONEOS_DEPLOYMENT_TARGET = 12.1;
				MTL_ENABLE_DEBUG_INFO = INCLUDE_SOURCE;
				MTL_FAST_MATH = YES;
				ONLY_ACTIVE_ARCH = YES;
				SDKROOT = iphoneos;
				SWIFT_ACTIVE_COMPILATION_CONDITIONS = DEBUG;
				SWIFT_OPTIMIZATION_LEVEL = "-Onone";
			};
			name = Debug;
		};
		7E0BA38A21E584840067D792 /* Release */ = {
			isa = XCBuildConfiguration;
			buildSettings = {
				ALWAYS_SEARCH_USER_PATHS = NO;
				CLANG_ANALYZER_NONNULL = YES;
				CLANG_ANALYZER_NUMBER_OBJECT_CONVERSION = YES_AGGRESSIVE;
				CLANG_CXX_LANGUAGE_STANDARD = "gnu++14";
				CLANG_CXX_LIBRARY = "libc++";
				CLANG_ENABLE_MODULES = YES;
				CLANG_ENABLE_OBJC_ARC = YES;
				CLANG_ENABLE_OBJC_WEAK = YES;
				CLANG_WARN_BLOCK_CAPTURE_AUTORELEASING = YES;
				CLANG_WARN_BOOL_CONVERSION = YES;
				CLANG_WARN_COMMA = YES;
				CLANG_WARN_CONSTANT_CONVERSION = YES;
				CLANG_WARN_DEPRECATED_OBJC_IMPLEMENTATIONS = YES;
				CLANG_WARN_DIRECT_OBJC_ISA_USAGE = YES_ERROR;
				CLANG_WARN_DOCUMENTATION_COMMENTS = YES;
				CLANG_WARN_EMPTY_BODY = YES;
				CLANG_WARN_ENUM_CONVERSION = YES;
				CLANG_WARN_INFINITE_RECURSION = YES;
				CLANG_WARN_INT_CONVERSION = YES;
				CLANG_WARN_NON_LITERAL_NULL_CONVERSION = YES;
				CLANG_WARN_OBJC_IMPLICIT_RETAIN_SELF = YES;
				CLANG_WARN_OBJC_LITERAL_CONVERSION = YES;
				CLANG_WARN_OBJC_ROOT_CLASS = YES_ERROR;
				CLANG_WARN_RANGE_LOOP_ANALYSIS = YES;
				CLANG_WARN_STRICT_PROTOTYPES = YES;
				CLANG_WARN_SUSPICIOUS_MOVE = YES;
				CLANG_WARN_UNGUARDED_AVAILABILITY = YES_AGGRESSIVE;
				CLANG_WARN_UNREACHABLE_CODE = YES;
				CLANG_WARN__DUPLICATE_METHOD_MATCH = YES;
				CODE_SIGN_IDENTITY = "iPhone Developer";
				COPY_PHASE_STRIP = NO;
				DEBUG_INFORMATION_FORMAT = "dwarf-with-dsym";
				ENABLE_NS_ASSERTIONS = NO;
				ENABLE_STRICT_OBJC_MSGSEND = YES;
				GCC_C_LANGUAGE_STANDARD = gnu11;
				GCC_NO_COMMON_BLOCKS = YES;
				GCC_WARN_64_TO_32_BIT_CONVERSION = YES;
				GCC_WARN_ABOUT_RETURN_TYPE = YES_ERROR;
				GCC_WARN_UNDECLARED_SELECTOR = YES;
				GCC_WARN_UNINITIALIZED_AUTOS = YES_AGGRESSIVE;
				GCC_WARN_UNUSED_FUNCTION = YES;
				GCC_WARN_UNUSED_VARIABLE = YES;
				IPHONEOS_DEPLOYMENT_TARGET = 12.1;
				MTL_ENABLE_DEBUG_INFO = NO;
				MTL_FAST_MATH = YES;
				SDKROOT = iphoneos;
				SWIFT_COMPILATION_MODE = wholemodule;
				SWIFT_OPTIMIZATION_LEVEL = "-O";
				VALIDATE_PRODUCT = YES;
			};
			name = Release;
		};
		7E0BA38C21E584840067D792 /* Debug */ = {
			isa = XCBuildConfiguration;
			baseConfigurationReference = 2733EB385E919EB779DEAE73 /* Pods-YSTinder.debug.xcconfig */;
			buildSettings = {
				ASSETCATALOG_COMPILER_APPICON_NAME = AppIcon;
				CLANG_ENABLE_MODULES = YES;
				CODE_SIGN_STYLE = Automatic;
				DEVELOPMENT_TEAM = BD4MBSH943;
				INFOPLIST_FILE = YSTinder/Info.plist;
				IPHONEOS_DEPLOYMENT_TARGET = 12.0;
				LD_RUNPATH_SEARCH_PATHS = (
					"$(inherited)",
					"@executable_path/Frameworks",
				);
				PRODUCT_BUNDLE_IDENTIFIER = liurenrui.YSTinder;
				PRODUCT_NAME = "$(TARGET_NAME)";
				SWIFT_OBJC_BRIDGING_HEADER = "YSTinder/CityPicker/YSTinder-Bridging-Header.h";
				SWIFT_OPTIMIZATION_LEVEL = "-Onone";
				SWIFT_VERSION = 4.2;
				TARGETED_DEVICE_FAMILY = 1;
				USER_HEADER_SEARCH_PATHS = "$(SRCROOT)/**";
			};
			name = Debug;
		};
		7E0BA38D21E584840067D792 /* Release */ = {
			isa = XCBuildConfiguration;
			baseConfigurationReference = 9A0CF00E8739173F750BEDE7 /* Pods-YSTinder.release.xcconfig */;
			buildSettings = {
				ASSETCATALOG_COMPILER_APPICON_NAME = AppIcon;
				CLANG_ENABLE_MODULES = YES;
				CODE_SIGN_STYLE = Automatic;
				DEVELOPMENT_TEAM = BD4MBSH943;
				INFOPLIST_FILE = YSTinder/Info.plist;
				IPHONEOS_DEPLOYMENT_TARGET = 12.0;
				LD_RUNPATH_SEARCH_PATHS = (
					"$(inherited)",
					"@executable_path/Frameworks",
				);
				PRODUCT_BUNDLE_IDENTIFIER = liurenrui.YSTinder;
				PRODUCT_NAME = "$(TARGET_NAME)";
				SWIFT_OBJC_BRIDGING_HEADER = "YSTinder/CityPicker/YSTinder-Bridging-Header.h";
				SWIFT_VERSION = 4.2;
				TARGETED_DEVICE_FAMILY = 1;
				USER_HEADER_SEARCH_PATHS = "$(SRCROOT)/**";
			};
			name = Release;
		};
/* End XCBuildConfiguration section */

/* Begin XCConfigurationList section */
		7E0BA37421E584810067D792 /* Build configuration list for PBXProject "YSTinder" */ = {
			isa = XCConfigurationList;
			buildConfigurations = (
				7E0BA38921E584840067D792 /* Debug */,
				7E0BA38A21E584840067D792 /* Release */,
			);
			defaultConfigurationIsVisible = 0;
			defaultConfigurationName = Release;
		};
		7E0BA38B21E584840067D792 /* Build configuration list for PBXNativeTarget "YSTinder" */ = {
			isa = XCConfigurationList;
			buildConfigurations = (
				7E0BA38C21E584840067D792 /* Debug */,
				7E0BA38D21E584840067D792 /* Release */,
			);
			defaultConfigurationIsVisible = 0;
			defaultConfigurationName = Release;
		};
/* End XCConfigurationList section */
	};
	rootObject = 7E0BA37121E584810067D792 /* Project object */;
}
